{
  "name": "chessy",
  "version": "1.0.0",
  "lockfileVersion": 2,
  "requires": true,
  "packages": {
    "": {
      "name": "chessy",
      "version": "1.0.0",
      "license": "ISC",
      "dependencies": {
        "localstorage": "^1.0.1"
      }
    },
    "node_modules/localstorage": {
      "version": "1.0.1",
      "resolved": "https://registry.npmjs.org/localstorage/-/localstorage-1.0.1.tgz",
      "integrity": "sha512-2L2RX3vh0lEARtDglRKxazh8lHCR6PGAZOsFXXpfkYr976WHcQS3xdriKhVzJLf3+GCmxvMkTtoDl0eCfg/3eQ=="
    }
  },
  "dependencies": {
    "localstorage": {
      "version": "1.0.1",
      "resolved": "https://registry.npmjs.org/localstorage/-/localstorage-1.0.1.tgz",
      "integrity": "sha512-2L2RX3vh0lEARtDglRKxazh8lHCR6PGAZOsFXXpfkYr976WHcQS3xdriKhVzJLf3+GCmxvMkTtoDl0eCfg/3eQ=="
    }
  }
}
